
Microsoft Visual Studio Solution File, Format Version 12.00
# Visual Studio 15
VisualStudioVersion = 15.0.28010.2019
MinimumVisualStudioVersion = 10.0.40219.1
Project("{888888A0-9F3D-457C-B088-3A5042F75D52}") = "neteditTests", "neteditTests.pyproj", "{AF9784F3-AE15-4408-8222-3F9559BEE9D3}"
EndProject
Global
	GlobalSection(SolutionConfigurationPlatforms) = preSolution
		Debug|Any CPU = Debug|Any CPU
		Release|Any CPU = Release|Any CPU
	EndGlobalSection
	GlobalSection(ProjectConfigurationPlatforms) = postSolution
		{AF9784F3-AE15-4408-8222-3F9559BEE9D3}.Debug|Any CPU.ActiveCfg = Debug|Any CPU
		{AF9784F3-AE15-4408-8222-3F9559BEE9D3}.Release|Any CPU.ActiveCfg = Release|Any CPU
	EndGlobalSection
	GlobalSection(SolutionProperties) = preSolution
		HideSolutionNode = FALSE
	EndGlobalSection
	GlobalSection(ExtensibilityGlobals) = postSolution
		SolutionGuid = {629E2F84-170D-48ED-BF80-10D5FD70BC9F}
	EndGlobalSection
EndGlobal
