
Microsoft Visual Studio Solution File, Format Version 12.00
# Visual Studio Version 17
VisualStudioVersion = 17.0.32112.339
MinimumVisualStudioVersion = 10.0.40219.1
Project("{888888A0-9F3D-457C-B088-3A5042F75D52}") = "neteditTestFunctions", "neteditTestFunctions.pyproj", "{BA09AE0F-8205-4CEB-A78C-4446C0C9592B}"
EndProject
Global
	GlobalSection(SolutionConfigurationPlatforms) = preSolution
		Debug|Any CPU = Debug|Any CPU
		Release|Any CPU = Release|Any CPU
	EndGlobalSection
	GlobalSection(ProjectConfigurationPlatforms) = postSolution
		{BA09AE0F-8205-4CEB-A78C-4446C0C9592B}.Debug|Any CPU.ActiveCfg = Debug|Any CPU
		{BA09AE0F-8205-4CEB-A78C-4446C0C9592B}.Release|Any CPU.ActiveCfg = Release|Any CPU
	EndGlobalSection
	GlobalSection(SolutionProperties) = preSolution
		HideSolutionNode = FALSE
	EndGlobalSection
	GlobalSection(ExtensibilityGlobals) = postSolution
		SolutionGuid = {CFEFCFF4-DECE-4279-9F26-C618FF3F6EE1}
		SolutionGuid = {38F486EF-6A26-495E-BB3D-E0E76E1DD78F}
	EndGlobalSection
EndGlobal
