Microsoft Visual Studio Solution File, Format Version 8.00
Project("{8BC9CEB8-8B4A-11D0-8D11-00A0C91BC942}") = "duarouter", "duarouter\duarouter.vcproj", "{90205628-51D7-4194-9FC0-7D74C35A3471}"
	ProjectSection(ProjectDependencies) = postProject
		{72CDB11A-EC19-4BE2-BBE9-1FA33DECCB20} = {72CDB11A-EC19-4BE2-BBE9-1FA33DECCB20}
		{5F43A81C-7E48-4651-9714-66006C0A87B6} = {5F43A81C-7E48-4651-9714-66006C0A87B6}
		{6697B25E-A457-4F06-AA70-8CAF628ED09E} = {6697B25E-A457-4F06-AA70-8CAF628ED09E}
		{EE29AF87-7317-488D-BF6D-EC422D1DBAD6} = {EE29AF87-7317-488D-BF6D-EC422D1DBAD6}
		{8481DC94-5A2E-4FD2-B992-7385DD90140D} = {8481DC94-5A2E-4FD2-B992-7385DD90140D}
		{9FCF1CAF-0189-4242-88BA-47706E741119} = {9FCF1CAF-0189-4242-88BA-47706E741119}
		{A003A0ED-38C6-4E03-84D1-BA42D25ABC4D} = {A003A0ED-38C6-4E03-84D1-BA42D25ABC4D}
		{508F0BFF-83FE-444C-9509-A359BCA83BC4} = {508F0BFF-83FE-444C-9509-A359BCA83BC4}
	EndProjectSection
EndProject
Project("{8BC9CEB8-8B4A-11D0-8D11-00A0C91BC942}") = "guisim", "guisim\guisim.vcproj", "{F1904C42-F231-4B9D-AD80-E2971969AFA0}"
	ProjectSection(ProjectDependencies) = postProject
		{9046260E-78AA-4458-BE80-0747860A0F70} = {9046260E-78AA-4458-BE80-0747860A0F70}
		{72CDB11A-EC19-4BE2-BBE9-1FA33DECCB20} = {72CDB11A-EC19-4BE2-BBE9-1FA33DECCB20}
		{B525311B-A6EF-43EB-82F2-8E1CAF778E57} = {B525311B-A6EF-43EB-82F2-8E1CAF778E57}
		{5F43A81C-7E48-4651-9714-66006C0A87B6} = {5F43A81C-7E48-4651-9714-66006C0A87B6}
		{334DF447-D0B3-4CEA-9693-F755EB11C18F} = {334DF447-D0B3-4CEA-9693-F755EB11C18F}
		{C9CC8A55-BCF5-44D8-9E22-55EA09757C60} = {C9CC8A55-BCF5-44D8-9E22-55EA09757C60}
		{6697B25E-A457-4F06-AA70-8CAF628ED09E} = {6697B25E-A457-4F06-AA70-8CAF628ED09E}
		{2A069662-6B6F-40D7-A808-211F9C9A4AAE} = {2A069662-6B6F-40D7-A808-211F9C9A4AAE}
		{EFF4967A-11F0-487E-B868-2DBCD61ED791} = {EFF4967A-11F0-487E-B868-2DBCD61ED791}
		{15043383-4CC3-4AA9-A842-57335064D11D} = {15043383-4CC3-4AA9-A842-57335064D11D}
		{EE29AF87-7317-488D-BF6D-EC422D1DBAD6} = {EE29AF87-7317-488D-BF6D-EC422D1DBAD6}
		{FC588F88-FFC4-4EBD-A790-1B1FE06E1FC8} = {FC588F88-FFC4-4EBD-A790-1B1FE06E1FC8}
		{5EA5CB8F-2B57-4FAB-A769-E9A64B3B9C36} = {5EA5CB8F-2B57-4FAB-A769-E9A64B3B9C36}
		{8481DC94-5A2E-4FD2-B992-7385DD90140D} = {8481DC94-5A2E-4FD2-B992-7385DD90140D}
		{E40EED95-3BD7-4C25-82C2-9AC1B1C113C0} = {E40EED95-3BD7-4C25-82C2-9AC1B1C113C0}
		{B2AD8EB4-16B1-4BDC-9CF5-F7ADADBD316D} = {B2AD8EB4-16B1-4BDC-9CF5-F7ADADBD316D}
		{ECAEBBBD-18B0-4E40-9507-4AD2B018C1CD} = {ECAEBBBD-18B0-4E40-9507-4AD2B018C1CD}
		{AF2015D2-2412-4355-87FB-E0D88B0A5FBA} = {AF2015D2-2412-4355-87FB-E0D88B0A5FBA}
		{CC278DE5-D3D8-4BD8-B8A4-BD76CB8FB4F1} = {CC278DE5-D3D8-4BD8-B8A4-BD76CB8FB4F1}
		{AA95C4E6-C0A0-4848-A97B-EF9F934E589D} = {AA95C4E6-C0A0-4848-A97B-EF9F934E589D}
		{508F0BFF-83FE-444C-9509-A359BCA83BC4} = {508F0BFF-83FE-444C-9509-A359BCA83BC4}
	EndProjectSection
EndProject
Project("{8BC9CEB8-8B4A-11D0-8D11-00A0C91BC942}") = "jtrrouter", "jtrrouter\jtrrouter.vcproj", "{43569450-FB3D-46EA-B9AB-CE92295C5570}"
	ProjectSection(ProjectDependencies) = postProject
		{72CDB11A-EC19-4BE2-BBE9-1FA33DECCB20} = {72CDB11A-EC19-4BE2-BBE9-1FA33DECCB20}
		{5F43A81C-7E48-4651-9714-66006C0A87B6} = {5F43A81C-7E48-4651-9714-66006C0A87B6}
		{30EF0746-4D9F-48D3-9FFF-FBA679CBA01A} = {30EF0746-4D9F-48D3-9FFF-FBA679CBA01A}
		{6697B25E-A457-4F06-AA70-8CAF628ED09E} = {6697B25E-A457-4F06-AA70-8CAF628ED09E}
		{EE29AF87-7317-488D-BF6D-EC422D1DBAD6} = {EE29AF87-7317-488D-BF6D-EC422D1DBAD6}
		{8481DC94-5A2E-4FD2-B992-7385DD90140D} = {8481DC94-5A2E-4FD2-B992-7385DD90140D}
		{9FCF1CAF-0189-4242-88BA-47706E741119} = {9FCF1CAF-0189-4242-88BA-47706E741119}
		{A003A0ED-38C6-4E03-84D1-BA42D25ABC4D} = {A003A0ED-38C6-4E03-84D1-BA42D25ABC4D}
		{508F0BFF-83FE-444C-9509-A359BCA83BC4} = {508F0BFF-83FE-444C-9509-A359BCA83BC4}
	EndProjectSection
EndProject
Project("{8BC9CEB8-8B4A-11D0-8D11-00A0C91BC942}") = "netconvert", "netconvert\netconvert.vcproj", "{4589198B-EBD4-4811-B778-8AE270AEE0CD}"
	ProjectSection(ProjectDependencies) = postProject
		{BD855404-FA32-48AE-9AB3-FB8B3D71C8C6} = {BD855404-FA32-48AE-9AB3-FB8B3D71C8C6}
		{72CDB11A-EC19-4BE2-BBE9-1FA33DECCB20} = {72CDB11A-EC19-4BE2-BBE9-1FA33DECCB20}
		{5F43A81C-7E48-4651-9714-66006C0A87B6} = {5F43A81C-7E48-4651-9714-66006C0A87B6}
		{F5D8313C-621D-4CCE-A6DA-83EFFBDE7CE6} = {F5D8313C-621D-4CCE-A6DA-83EFFBDE7CE6}
		{334DF447-D0B3-4CEA-9693-F755EB11C18F} = {334DF447-D0B3-4CEA-9693-F755EB11C18F}
		{6697B25E-A457-4F06-AA70-8CAF628ED09E} = {6697B25E-A457-4F06-AA70-8CAF628ED09E}
		{EE29AF87-7317-488D-BF6D-EC422D1DBAD6} = {EE29AF87-7317-488D-BF6D-EC422D1DBAD6}
		{8481DC94-5A2E-4FD2-B992-7385DD90140D} = {8481DC94-5A2E-4FD2-B992-7385DD90140D}
		{9FCF1CAF-0189-4242-88BA-47706E741119} = {9FCF1CAF-0189-4242-88BA-47706E741119}
		{91422FEF-2369-45E6-87AA-8B38709AD823} = {91422FEF-2369-45E6-87AA-8B38709AD823}
		{508F0BFF-83FE-444C-9509-A359BCA83BC4} = {508F0BFF-83FE-444C-9509-A359BCA83BC4}
	EndProjectSection
EndProject
Project("{8BC9CEB8-8B4A-11D0-8D11-00A0C91BC942}") = "netgen", "netgen\netgen.vcproj", "{F241CA03-4AB1-4BB0-8151-7AF078E2BC06}"
	ProjectSection(ProjectDependencies) = postProject
		{BD855404-FA32-48AE-9AB3-FB8B3D71C8C6} = {BD855404-FA32-48AE-9AB3-FB8B3D71C8C6}
		{72CDB11A-EC19-4BE2-BBE9-1FA33DECCB20} = {72CDB11A-EC19-4BE2-BBE9-1FA33DECCB20}
		{334DF447-D0B3-4CEA-9693-F755EB11C18F} = {334DF447-D0B3-4CEA-9693-F755EB11C18F}
		{6697B25E-A457-4F06-AA70-8CAF628ED09E} = {6697B25E-A457-4F06-AA70-8CAF628ED09E}
		{EE29AF87-7317-488D-BF6D-EC422D1DBAD6} = {EE29AF87-7317-488D-BF6D-EC422D1DBAD6}
		{8481DC94-5A2E-4FD2-B992-7385DD90140D} = {8481DC94-5A2E-4FD2-B992-7385DD90140D}
		{F65F33AC-D178-4BE2-AD11-3E047E1BC6CB} = {F65F33AC-D178-4BE2-AD11-3E047E1BC6CB}
		{508F0BFF-83FE-444C-9509-A359BCA83BC4} = {508F0BFF-83FE-444C-9509-A359BCA83BC4}
	EndProjectSection
EndProject
Project("{8BC9CEB8-8B4A-11D0-8D11-00A0C91BC942}") = "od2trips", "od2trips\od2trips.vcproj", "{39392259-4561-44C0-98F1-64CA4396C025}"
	ProjectSection(ProjectDependencies) = postProject
		{BD855404-FA32-48AE-9AB3-FB8B3D71C8C6} = {BD855404-FA32-48AE-9AB3-FB8B3D71C8C6}
		{72CDB11A-EC19-4BE2-BBE9-1FA33DECCB20} = {72CDB11A-EC19-4BE2-BBE9-1FA33DECCB20}
		{EE29AF87-7317-488D-BF6D-EC422D1DBAD6} = {EE29AF87-7317-488D-BF6D-EC422D1DBAD6}
		{8481DC94-5A2E-4FD2-B992-7385DD90140D} = {8481DC94-5A2E-4FD2-B992-7385DD90140D}
		{F65F33AC-D178-4BE2-AD11-3E047E1BC6CB} = {F65F33AC-D178-4BE2-AD11-3E047E1BC6CB}
		{9FCF1CAF-0189-4242-88BA-47706E741119} = {9FCF1CAF-0189-4242-88BA-47706E741119}
		{508F0BFF-83FE-444C-9509-A359BCA83BC4} = {508F0BFF-83FE-444C-9509-A359BCA83BC4}
	EndProjectSection
EndProject
Project("{8BC9CEB8-8B4A-11D0-8D11-00A0C91BC942}") = "sumo", "sumo\sumo.vcproj", "{08C90F3F-95F3-46C7-8D87-63AF6DF5558C}"
	ProjectSection(ProjectDependencies) = postProject
		{72CDB11A-EC19-4BE2-BBE9-1FA33DECCB20} = {72CDB11A-EC19-4BE2-BBE9-1FA33DECCB20}
		{5F43A81C-7E48-4651-9714-66006C0A87B6} = {5F43A81C-7E48-4651-9714-66006C0A87B6}
		{334DF447-D0B3-4CEA-9693-F755EB11C18F} = {334DF447-D0B3-4CEA-9693-F755EB11C18F}
		{6697B25E-A457-4F06-AA70-8CAF628ED09E} = {6697B25E-A457-4F06-AA70-8CAF628ED09E}
		{2A069662-6B6F-40D7-A808-211F9C9A4AAE} = {2A069662-6B6F-40D7-A808-211F9C9A4AAE}
		{EE29AF87-7317-488D-BF6D-EC422D1DBAD6} = {EE29AF87-7317-488D-BF6D-EC422D1DBAD6}
		{FC588F88-FFC4-4EBD-A790-1B1FE06E1FC8} = {FC588F88-FFC4-4EBD-A790-1B1FE06E1FC8}
		{5EA5CB8F-2B57-4FAB-A769-E9A64B3B9C36} = {5EA5CB8F-2B57-4FAB-A769-E9A64B3B9C36}
		{8481DC94-5A2E-4FD2-B992-7385DD90140D} = {8481DC94-5A2E-4FD2-B992-7385DD90140D}
		{AF2015D2-2412-4355-87FB-E0D88B0A5FBA} = {AF2015D2-2412-4355-87FB-E0D88B0A5FBA}
		{CC278DE5-D3D8-4BD8-B8A4-BD76CB8FB4F1} = {CC278DE5-D3D8-4BD8-B8A4-BD76CB8FB4F1}
		{508F0BFF-83FE-444C-9509-A359BCA83BC4} = {508F0BFF-83FE-444C-9509-A359BCA83BC4}
	EndProjectSection
EndProject
Project("{8BC9CEB8-8B4A-11D0-8D11-00A0C91BC942}") = "y_libgui", "y_libgui\y_libgui.vcproj", "{C9CC8A55-BCF5-44D8-9E22-55EA09757C60}"
	ProjectSection(ProjectDependencies) = postProject
	EndProjectSection
EndProject
Project("{8BC9CEB8-8B4A-11D0-8D11-00A0C91BC942}") = "y_libguinetload", "y_libguinetload\y_libguinetload.vcproj", "{B2AD8EB4-16B1-4BDC-9CF5-F7ADADBD316D}"
	ProjectSection(ProjectDependencies) = postProject
	EndProjectSection
EndProject
Project("{8BC9CEB8-8B4A-11D0-8D11-00A0C91BC942}") = "y_libguisim", "y_libguisim\y_libguisim.vcproj", "{9046260E-78AA-4458-BE80-0747860A0F70}"
	ProjectSection(ProjectDependencies) = postProject
	EndProjectSection
EndProject
Project("{8BC9CEB8-8B4A-11D0-8D11-00A0C91BC942}") = "y_libmicrosim", "y_libmicrosim\y_libmicrosim.vcproj", "{2A069662-6B6F-40D7-A808-211F9C9A4AAE}"
	ProjectSection(ProjectDependencies) = postProject
	EndProjectSection
EndProject
Project("{8BC9CEB8-8B4A-11D0-8D11-00A0C91BC942}") = "y_libnetbuild", "y_libnetbuild\y_libnetbuild.vcproj", "{BD855404-FA32-48AE-9AB3-FB8B3D71C8C6}"
	ProjectSection(ProjectDependencies) = postProject
	EndProjectSection
EndProject
Project("{8BC9CEB8-8B4A-11D0-8D11-00A0C91BC942}") = "y_libnetgen", "y_libnetgen\y_libnetgen.vcproj", "{F65F33AC-D178-4BE2-AD11-3E047E1BC6CB}"
	ProjectSection(ProjectDependencies) = postProject
	EndProjectSection
EndProject
Project("{8BC9CEB8-8B4A-11D0-8D11-00A0C91BC942}") = "y_libnetimport", "y_libnetimport\y_libnetimport.vcproj", "{91422FEF-2369-45E6-87AA-8B38709AD823}"
	ProjectSection(ProjectDependencies) = postProject
	EndProjectSection
EndProject
Project("{8BC9CEB8-8B4A-11D0-8D11-00A0C91BC942}") = "y_libnetload", "y_libnetload\y_libnetload.vcproj", "{5EA5CB8F-2B57-4FAB-A769-E9A64B3B9C36}"
	ProjectSection(ProjectDependencies) = postProject
	EndProjectSection
EndProject
Project("{8BC9CEB8-8B4A-11D0-8D11-00A0C91BC942}") = "y_librouter", "y_librouter\y_librouter.vcproj", "{A003A0ED-38C6-4E03-84D1-BA42D25ABC4D}"
	ProjectSection(ProjectDependencies) = postProject
	EndProjectSection
EndProject
Project("{8BC9CEB8-8B4A-11D0-8D11-00A0C91BC942}") = "z_libmicrosim_output", "z_libmicrosim_output\z_libmicrosim_output.vcproj", "{CC278DE5-D3D8-4BD8-B8A4-BD76CB8FB4F1}"
	ProjectSection(ProjectDependencies) = postProject
	EndProjectSection
EndProject
Project("{8BC9CEB8-8B4A-11D0-8D11-00A0C91BC942}") = "z_libmicrosim_tls", "z_libmicrosim_tls\z_libmicrosim_tls.vcproj", "{AF2015D2-2412-4355-87FB-E0D88B0A5FBA}"
	ProjectSection(ProjectDependencies) = postProject
	EndProjectSection
EndProject
Project("{8BC9CEB8-8B4A-11D0-8D11-00A0C91BC942}") = "z_libutils_common", "z_libutils_common\z_libutils_common.vcproj", "{72CDB11A-EC19-4BE2-BBE9-1FA33DECCB20}"
	ProjectSection(ProjectDependencies) = postProject
	EndProjectSection
EndProject
Project("{8BC9CEB8-8B4A-11D0-8D11-00A0C91BC942}") = "z_libutils_convert", "z_libutils_convert\z_libutils_convert.vcproj", "{6697B25E-A457-4F06-AA70-8CAF628ED09E}"
	ProjectSection(ProjectDependencies) = postProject
	EndProjectSection
EndProject
Project("{8BC9CEB8-8B4A-11D0-8D11-00A0C91BC942}") = "z_libutils_dev", "z_libutils_dev\z_libutils_dev.vcproj", "{30EF0746-4D9F-48D3-9FFF-FBA679CBA01A}"
	ProjectSection(ProjectDependencies) = postProject
	EndProjectSection
EndProject
Project("{8BC9CEB8-8B4A-11D0-8D11-00A0C91BC942}") = "z_libutils_distribution", "z_libutils_distribution\z_libutils_distribution.vcproj", "{F5D8313C-621D-4CCE-A6DA-83EFFBDE7CE6}"
	ProjectSection(ProjectDependencies) = postProject
	EndProjectSection
EndProject
Project("{8BC9CEB8-8B4A-11D0-8D11-00A0C91BC942}") = "z_libutils_fonts", "z_libutils_fonts\z_libutils_fonts.vcproj", "{E40EED95-3BD7-4C25-82C2-9AC1B1C113C0}"
	ProjectSection(ProjectDependencies) = postProject
	EndProjectSection
EndProject
Project("{8BC9CEB8-8B4A-11D0-8D11-00A0C91BC942}") = "z_libutils_foxtools", "z_libutils_foxtools\z_libutils_foxtools.vcproj", "{ECAEBBBD-18B0-4E40-9507-4AD2B018C1CD}"
	ProjectSection(ProjectDependencies) = postProject
	EndProjectSection
EndProject
Project("{8BC9CEB8-8B4A-11D0-8D11-00A0C91BC942}") = "z_libutils_geom", "z_libutils_geom\z_libutils_geom.vcproj", "{334DF447-D0B3-4CEA-9693-F755EB11C18F}"
	ProjectSection(ProjectDependencies) = postProject
	EndProjectSection
EndProject
Project("{8BC9CEB8-8B4A-11D0-8D11-00A0C91BC942}") = "z_libutils_gfx", "z_libutils_gfx\z_libutils_gfx.vcproj", "{5F43A81C-7E48-4651-9714-66006C0A87B6}"
	ProjectSection(ProjectDependencies) = postProject
	EndProjectSection
EndProject
Project("{8BC9CEB8-8B4A-11D0-8D11-00A0C91BC942}") = "z_libutils_glutils", "z_libutils_glutils\z_libutils_glutils.vcproj", "{15043383-4CC3-4AA9-A842-57335064D11D}"
	ProjectSection(ProjectDependencies) = postProject
	EndProjectSection
EndProject
Project("{8BC9CEB8-8B4A-11D0-8D11-00A0C91BC942}") = "z_libutils_importio", "z_libutils_importio\z_libutils_importio.vcproj", "{9FCF1CAF-0189-4242-88BA-47706E741119}"
	ProjectSection(ProjectDependencies) = postProject
	EndProjectSection
EndProject
Project("{8BC9CEB8-8B4A-11D0-8D11-00A0C91BC942}") = "z_libutils_iodevices", "z_libutils_iodevices\z_libutils_iodevices.vcproj", "{FC588F88-FFC4-4EBD-A790-1B1FE06E1FC8}"
	ProjectSection(ProjectDependencies) = postProject
	EndProjectSection
EndProject
Project("{8BC9CEB8-8B4A-11D0-8D11-00A0C91BC942}") = "z_libutils_options", "z_libutils_options\z_libutils_options.vcproj", "{EE29AF87-7317-488D-BF6D-EC422D1DBAD6}"
	ProjectSection(ProjectDependencies) = postProject
	EndProjectSection
EndProject
Project("{8BC9CEB8-8B4A-11D0-8D11-00A0C91BC942}") = "z_libutils_sumoxml", "z_libutils_sumoxml\z_libutils_sumoxml.vcproj", "{8481DC94-5A2E-4FD2-B992-7385DD90140D}"
	ProjectSection(ProjectDependencies) = postProject
	EndProjectSection
EndProject
Project("{8BC9CEB8-8B4A-11D0-8D11-00A0C91BC942}") = "z_libutils_xml", "z_libutils_xml\z_libutils_xml.vcproj", "{508F0BFF-83FE-444C-9509-A359BCA83BC4}"
	ProjectSection(ProjectDependencies) = postProject
	EndProjectSection
EndProject
Project("{8BC9CEB8-8B4A-11D0-8D11-00A0C91BC942}") = "z_libutils_guievents", "z_libutils_guievents\z_libutils_guievents.vcproj", "{B525311B-A6EF-43EB-82F2-8E1CAF778E57}"
	ProjectSection(ProjectDependencies) = postProject
	EndProjectSection
EndProject
Project("{8BC9CEB8-8B4A-11D0-8D11-00A0C91BC942}") = "z_libutils_guiicons", "z_libutils_guiicons\z_libutils_guiicons.vcproj", "{EFF4967A-11F0-487E-B868-2DBCD61ED791}"
	ProjectSection(ProjectDependencies) = postProject
	EndProjectSection
EndProject
Project("{8BC9CEB8-8B4A-11D0-8D11-00A0C91BC942}") = "z_libutils_guidiv", "z_libutils_guidiv\z_libutils_guidiv.vcproj", "{AA95C4E6-C0A0-4848-A97B-EF9F934E589D}"
	ProjectSection(ProjectDependencies) = postProject
	EndProjectSection
EndProject
Project("{8BC9CEB8-8B4A-11D0-8D11-00A0C91BC942}") = "netedit", "netedit\netedit.vcproj", "{4649A81E-E50F-47D3-BB0B-BB991081797B}"
	ProjectSection(ProjectDependencies) = postProject
		{9046260E-78AA-4458-BE80-0747860A0F70} = {9046260E-78AA-4458-BE80-0747860A0F70}
		{72CDB11A-EC19-4BE2-BBE9-1FA33DECCB20} = {72CDB11A-EC19-4BE2-BBE9-1FA33DECCB20}
		{B525311B-A6EF-43EB-82F2-8E1CAF778E57} = {B525311B-A6EF-43EB-82F2-8E1CAF778E57}
		{5F43A81C-7E48-4651-9714-66006C0A87B6} = {5F43A81C-7E48-4651-9714-66006C0A87B6}
		{334DF447-D0B3-4CEA-9693-F755EB11C18F} = {334DF447-D0B3-4CEA-9693-F755EB11C18F}
		{C9CC8A55-BCF5-44D8-9E22-55EA09757C60} = {C9CC8A55-BCF5-44D8-9E22-55EA09757C60}
		{6697B25E-A457-4F06-AA70-8CAF628ED09E} = {6697B25E-A457-4F06-AA70-8CAF628ED09E}
		{2A069662-6B6F-40D7-A808-211F9C9A4AAE} = {2A069662-6B6F-40D7-A808-211F9C9A4AAE}
		{EFF4967A-11F0-487E-B868-2DBCD61ED791} = {EFF4967A-11F0-487E-B868-2DBCD61ED791}
		{15043383-4CC3-4AA9-A842-57335064D11D} = {15043383-4CC3-4AA9-A842-57335064D11D}
		{EE29AF87-7317-488D-BF6D-EC422D1DBAD6} = {EE29AF87-7317-488D-BF6D-EC422D1DBAD6}
		{FC588F88-FFC4-4EBD-A790-1B1FE06E1FC8} = {FC588F88-FFC4-4EBD-A790-1B1FE06E1FC8}
		{5EA5CB8F-2B57-4FAB-A769-E9A64B3B9C36} = {5EA5CB8F-2B57-4FAB-A769-E9A64B3B9C36}
		{8481DC94-5A2E-4FD2-B992-7385DD90140D} = {8481DC94-5A2E-4FD2-B992-7385DD90140D}
		{E40EED95-3BD7-4C25-82C2-9AC1B1C113C0} = {E40EED95-3BD7-4C25-82C2-9AC1B1C113C0}
		{9FCF1CAF-0189-4242-88BA-47706E741119} = {9FCF1CAF-0189-4242-88BA-47706E741119}
		{B2AD8EB4-16B1-4BDC-9CF5-F7ADADBD316D} = {B2AD8EB4-16B1-4BDC-9CF5-F7ADADBD316D}
		{ECAEBBBD-18B0-4E40-9507-4AD2B018C1CD} = {ECAEBBBD-18B0-4E40-9507-4AD2B018C1CD}
		{AF2015D2-2412-4355-87FB-E0D88B0A5FBA} = {AF2015D2-2412-4355-87FB-E0D88B0A5FBA}
		{CC278DE5-D3D8-4BD8-B8A4-BD76CB8FB4F1} = {CC278DE5-D3D8-4BD8-B8A4-BD76CB8FB4F1}
		{AA95C4E6-C0A0-4848-A97B-EF9F934E589D} = {AA95C4E6-C0A0-4848-A97B-EF9F934E589D}
		{508F0BFF-83FE-444C-9509-A359BCA83BC4} = {508F0BFF-83FE-444C-9509-A359BCA83BC4}
	EndProjectSection
EndProject
Project("{8BC9CEB8-8B4A-11D0-8D11-00A0C91BC942}") = "giant", "giant\giant.vcproj", "{EFEC5A2A-7301-45CE-A564-8DB42C619A8B}"
	ProjectSection(ProjectDependencies) = postProject
		{9046260E-78AA-4458-BE80-0747860A0F70} = {9046260E-78AA-4458-BE80-0747860A0F70}
		{72CDB11A-EC19-4BE2-BBE9-1FA33DECCB20} = {72CDB11A-EC19-4BE2-BBE9-1FA33DECCB20}
		{B525311B-A6EF-43EB-82F2-8E1CAF778E57} = {B525311B-A6EF-43EB-82F2-8E1CAF778E57}
		{5F43A81C-7E48-4651-9714-66006C0A87B6} = {5F43A81C-7E48-4651-9714-66006C0A87B6}
		{334DF447-D0B3-4CEA-9693-F755EB11C18F} = {334DF447-D0B3-4CEA-9693-F755EB11C18F}
		{C9CC8A55-BCF5-44D8-9E22-55EA09757C60} = {C9CC8A55-BCF5-44D8-9E22-55EA09757C60}
		{6697B25E-A457-4F06-AA70-8CAF628ED09E} = {6697B25E-A457-4F06-AA70-8CAF628ED09E}
		{2A069662-6B6F-40D7-A808-211F9C9A4AAE} = {2A069662-6B6F-40D7-A808-211F9C9A4AAE}
		{EFF4967A-11F0-487E-B868-2DBCD61ED791} = {EFF4967A-11F0-487E-B868-2DBCD61ED791}
		{15043383-4CC3-4AA9-A842-57335064D11D} = {15043383-4CC3-4AA9-A842-57335064D11D}
		{EE29AF87-7317-488D-BF6D-EC422D1DBAD6} = {EE29AF87-7317-488D-BF6D-EC422D1DBAD6}
		{FC588F88-FFC4-4EBD-A790-1B1FE06E1FC8} = {FC588F88-FFC4-4EBD-A790-1B1FE06E1FC8}
		{5EA5CB8F-2B57-4FAB-A769-E9A64B3B9C36} = {5EA5CB8F-2B57-4FAB-A769-E9A64B3B9C36}
		{8481DC94-5A2E-4FD2-B992-7385DD90140D} = {8481DC94-5A2E-4FD2-B992-7385DD90140D}
		{E40EED95-3BD7-4C25-82C2-9AC1B1C113C0} = {E40EED95-3BD7-4C25-82C2-9AC1B1C113C0}
		{B2AD8EB4-16B1-4BDC-9CF5-F7ADADBD316D} = {B2AD8EB4-16B1-4BDC-9CF5-F7ADADBD316D}
		{ECAEBBBD-18B0-4E40-9507-4AD2B018C1CD} = {ECAEBBBD-18B0-4E40-9507-4AD2B018C1CD}
		{AF2015D2-2412-4355-87FB-E0D88B0A5FBA} = {AF2015D2-2412-4355-87FB-E0D88B0A5FBA}
		{CC278DE5-D3D8-4BD8-B8A4-BD76CB8FB4F1} = {CC278DE5-D3D8-4BD8-B8A4-BD76CB8FB4F1}
		{AA95C4E6-C0A0-4848-A97B-EF9F934E589D} = {AA95C4E6-C0A0-4848-A97B-EF9F934E589D}
		{508F0BFF-83FE-444C-9509-A359BCA83BC4} = {508F0BFF-83FE-444C-9509-A359BCA83BC4}
	EndProjectSection
EndProject
Global
	GlobalSection(SolutionConfiguration) = preSolution
		Debug = Debug
		Release = Release
	EndGlobalSection
	GlobalSection(ProjectConfiguration) = postSolution
		{90205628-51D7-4194-9FC0-7D74C35A3471}.Debug.ActiveCfg = Debug|Win32
		{90205628-51D7-4194-9FC0-7D74C35A3471}.Debug.Build.0 = Debug|Win32
		{90205628-51D7-4194-9FC0-7D74C35A3471}.Release.ActiveCfg = Release|Win32
		{90205628-51D7-4194-9FC0-7D74C35A3471}.Release.Build.0 = Release|Win32
		{F1904C42-F231-4B9D-AD80-E2971969AFA0}.Debug.ActiveCfg = Debug|Win32
		{F1904C42-F231-4B9D-AD80-E2971969AFA0}.Debug.Build.0 = Debug|Win32
		{F1904C42-F231-4B9D-AD80-E2971969AFA0}.Release.ActiveCfg = Release|Win32
		{F1904C42-F231-4B9D-AD80-E2971969AFA0}.Release.Build.0 = Release|Win32
		{43569450-FB3D-46EA-B9AB-CE92295C5570}.Debug.ActiveCfg = Debug|Win32
		{43569450-FB3D-46EA-B9AB-CE92295C5570}.Debug.Build.0 = Debug|Win32
		{43569450-FB3D-46EA-B9AB-CE92295C5570}.Release.ActiveCfg = Release|Win32
		{43569450-FB3D-46EA-B9AB-CE92295C5570}.Release.Build.0 = Release|Win32
		{4589198B-EBD4-4811-B778-8AE270AEE0CD}.Debug.ActiveCfg = Debug|Win32
		{4589198B-EBD4-4811-B778-8AE270AEE0CD}.Debug.Build.0 = Debug|Win32
		{4589198B-EBD4-4811-B778-8AE270AEE0CD}.Release.ActiveCfg = Release|Win32
		{4589198B-EBD4-4811-B778-8AE270AEE0CD}.Release.Build.0 = Release|Win32
		{F241CA03-4AB1-4BB0-8151-7AF078E2BC06}.Debug.ActiveCfg = Debug|Win32
		{F241CA03-4AB1-4BB0-8151-7AF078E2BC06}.Debug.Build.0 = Debug|Win32
		{F241CA03-4AB1-4BB0-8151-7AF078E2BC06}.Release.ActiveCfg = Release|Win32
		{F241CA03-4AB1-4BB0-8151-7AF078E2BC06}.Release.Build.0 = Release|Win32
		{39392259-4561-44C0-98F1-64CA4396C025}.Debug.ActiveCfg = Debug|Win32
		{39392259-4561-44C0-98F1-64CA4396C025}.Debug.Build.0 = Debug|Win32
		{39392259-4561-44C0-98F1-64CA4396C025}.Release.ActiveCfg = Release|Win32
		{39392259-4561-44C0-98F1-64CA4396C025}.Release.Build.0 = Release|Win32
		{08C90F3F-95F3-46C7-8D87-63AF6DF5558C}.Debug.ActiveCfg = Debug|Win32
		{08C90F3F-95F3-46C7-8D87-63AF6DF5558C}.Debug.Build.0 = Debug|Win32
		{08C90F3F-95F3-46C7-8D87-63AF6DF5558C}.Release.ActiveCfg = Release|Win32
		{08C90F3F-95F3-46C7-8D87-63AF6DF5558C}.Release.Build.0 = Release|Win32
		{C9CC8A55-BCF5-44D8-9E22-55EA09757C60}.Debug.ActiveCfg = Debug|Win32
		{C9CC8A55-BCF5-44D8-9E22-55EA09757C60}.Debug.Build.0 = Debug|Win32
		{C9CC8A55-BCF5-44D8-9E22-55EA09757C60}.Release.ActiveCfg = Release|Win32
		{C9CC8A55-BCF5-44D8-9E22-55EA09757C60}.Release.Build.0 = Release|Win32
		{B2AD8EB4-16B1-4BDC-9CF5-F7ADADBD316D}.Debug.ActiveCfg = Debug|Win32
		{B2AD8EB4-16B1-4BDC-9CF5-F7ADADBD316D}.Debug.Build.0 = Debug|Win32
		{B2AD8EB4-16B1-4BDC-9CF5-F7ADADBD316D}.Release.ActiveCfg = Release|Win32
		{B2AD8EB4-16B1-4BDC-9CF5-F7ADADBD316D}.Release.Build.0 = Release|Win32
		{9046260E-78AA-4458-BE80-0747860A0F70}.Debug.ActiveCfg = Debug|Win32
		{9046260E-78AA-4458-BE80-0747860A0F70}.Debug.Build.0 = Debug|Win32
		{9046260E-78AA-4458-BE80-0747860A0F70}.Release.ActiveCfg = Release|Win32
		{9046260E-78AA-4458-BE80-0747860A0F70}.Release.Build.0 = Release|Win32
		{2A069662-6B6F-40D7-A808-211F9C9A4AAE}.Debug.ActiveCfg = Debug|Win32
		{2A069662-6B6F-40D7-A808-211F9C9A4AAE}.Debug.Build.0 = Debug|Win32
		{2A069662-6B6F-40D7-A808-211F9C9A4AAE}.Release.ActiveCfg = Release|Win32
		{2A069662-6B6F-40D7-A808-211F9C9A4AAE}.Release.Build.0 = Release|Win32
		{BD855404-FA32-48AE-9AB3-FB8B3D71C8C6}.Debug.ActiveCfg = Debug|Win32
		{BD855404-FA32-48AE-9AB3-FB8B3D71C8C6}.Debug.Build.0 = Debug|Win32
		{BD855404-FA32-48AE-9AB3-FB8B3D71C8C6}.Release.ActiveCfg = Release|Win32
		{BD855404-FA32-48AE-9AB3-FB8B3D71C8C6}.Release.Build.0 = Release|Win32
		{F65F33AC-D178-4BE2-AD11-3E047E1BC6CB}.Debug.ActiveCfg = Debug|Win32
		{F65F33AC-D178-4BE2-AD11-3E047E1BC6CB}.Debug.Build.0 = Debug|Win32
		{F65F33AC-D178-4BE2-AD11-3E047E1BC6CB}.Release.ActiveCfg = Release|Win32
		{F65F33AC-D178-4BE2-AD11-3E047E1BC6CB}.Release.Build.0 = Release|Win32
		{91422FEF-2369-45E6-87AA-8B38709AD823}.Debug.ActiveCfg = Debug|Win32
		{91422FEF-2369-45E6-87AA-8B38709AD823}.Debug.Build.0 = Debug|Win32
		{91422FEF-2369-45E6-87AA-8B38709AD823}.Release.ActiveCfg = Release|Win32
		{91422FEF-2369-45E6-87AA-8B38709AD823}.Release.Build.0 = Release|Win32
		{5EA5CB8F-2B57-4FAB-A769-E9A64B3B9C36}.Debug.ActiveCfg = Debug|Win32
		{5EA5CB8F-2B57-4FAB-A769-E9A64B3B9C36}.Debug.Build.0 = Debug|Win32
		{5EA5CB8F-2B57-4FAB-A769-E9A64B3B9C36}.Release.ActiveCfg = Release|Win32
		{5EA5CB8F-2B57-4FAB-A769-E9A64B3B9C36}.Release.Build.0 = Release|Win32
		{A003A0ED-38C6-4E03-84D1-BA42D25ABC4D}.Debug.ActiveCfg = Debug|Win32
		{A003A0ED-38C6-4E03-84D1-BA42D25ABC4D}.Debug.Build.0 = Debug|Win32
		{A003A0ED-38C6-4E03-84D1-BA42D25ABC4D}.Release.ActiveCfg = Release|Win32
		{A003A0ED-38C6-4E03-84D1-BA42D25ABC4D}.Release.Build.0 = Release|Win32
		{CC278DE5-D3D8-4BD8-B8A4-BD76CB8FB4F1}.Debug.ActiveCfg = Debug|Win32
		{CC278DE5-D3D8-4BD8-B8A4-BD76CB8FB4F1}.Debug.Build.0 = Debug|Win32
		{CC278DE5-D3D8-4BD8-B8A4-BD76CB8FB4F1}.Release.ActiveCfg = Release|Win32
		{CC278DE5-D3D8-4BD8-B8A4-BD76CB8FB4F1}.Release.Build.0 = Release|Win32
		{AF2015D2-2412-4355-87FB-E0D88B0A5FBA}.Debug.ActiveCfg = Debug|Win32
		{AF2015D2-2412-4355-87FB-E0D88B0A5FBA}.Debug.Build.0 = Debug|Win32
		{AF2015D2-2412-4355-87FB-E0D88B0A5FBA}.Release.ActiveCfg = Release|Win32
		{AF2015D2-2412-4355-87FB-E0D88B0A5FBA}.Release.Build.0 = Release|Win32
		{72CDB11A-EC19-4BE2-BBE9-1FA33DECCB20}.Debug.ActiveCfg = Debug|Win32
		{72CDB11A-EC19-4BE2-BBE9-1FA33DECCB20}.Debug.Build.0 = Debug|Win32
		{72CDB11A-EC19-4BE2-BBE9-1FA33DECCB20}.Release.ActiveCfg = Release|Win32
		{72CDB11A-EC19-4BE2-BBE9-1FA33DECCB20}.Release.Build.0 = Release|Win32
		{6697B25E-A457-4F06-AA70-8CAF628ED09E}.Debug.ActiveCfg = Debug|Win32
		{6697B25E-A457-4F06-AA70-8CAF628ED09E}.Debug.Build.0 = Debug|Win32
		{6697B25E-A457-4F06-AA70-8CAF628ED09E}.Release.ActiveCfg = Release|Win32
		{6697B25E-A457-4F06-AA70-8CAF628ED09E}.Release.Build.0 = Release|Win32
		{30EF0746-4D9F-48D3-9FFF-FBA679CBA01A}.Debug.ActiveCfg = Debug|Win32
		{30EF0746-4D9F-48D3-9FFF-FBA679CBA01A}.Debug.Build.0 = Debug|Win32
		{30EF0746-4D9F-48D3-9FFF-FBA679CBA01A}.Release.ActiveCfg = Release|Win32
		{30EF0746-4D9F-48D3-9FFF-FBA679CBA01A}.Release.Build.0 = Release|Win32
		{F5D8313C-621D-4CCE-A6DA-83EFFBDE7CE6}.Debug.ActiveCfg = Debug|Win32
		{F5D8313C-621D-4CCE-A6DA-83EFFBDE7CE6}.Debug.Build.0 = Debug|Win32
		{F5D8313C-621D-4CCE-A6DA-83EFFBDE7CE6}.Release.ActiveCfg = Release|Win32
		{F5D8313C-621D-4CCE-A6DA-83EFFBDE7CE6}.Release.Build.0 = Release|Win32
		{E40EED95-3BD7-4C25-82C2-9AC1B1C113C0}.Debug.ActiveCfg = Debug|Win32
		{E40EED95-3BD7-4C25-82C2-9AC1B1C113C0}.Debug.Build.0 = Debug|Win32
		{E40EED95-3BD7-4C25-82C2-9AC1B1C113C0}.Release.ActiveCfg = Release|Win32
		{E40EED95-3BD7-4C25-82C2-9AC1B1C113C0}.Release.Build.0 = Release|Win32
		{ECAEBBBD-18B0-4E40-9507-4AD2B018C1CD}.Debug.ActiveCfg = Debug|Win32
		{ECAEBBBD-18B0-4E40-9507-4AD2B018C1CD}.Debug.Build.0 = Debug|Win32
		{ECAEBBBD-18B0-4E40-9507-4AD2B018C1CD}.Release.ActiveCfg = Release|Win32
		{ECAEBBBD-18B0-4E40-9507-4AD2B018C1CD}.Release.Build.0 = Release|Win32
		{334DF447-D0B3-4CEA-9693-F755EB11C18F}.Debug.ActiveCfg = Debug|Win32
		{334DF447-D0B3-4CEA-9693-F755EB11C18F}.Debug.Build.0 = Debug|Win32
		{334DF447-D0B3-4CEA-9693-F755EB11C18F}.Release.ActiveCfg = Release|Win32
		{334DF447-D0B3-4CEA-9693-F755EB11C18F}.Release.Build.0 = Release|Win32
		{5F43A81C-7E48-4651-9714-66006C0A87B6}.Debug.ActiveCfg = Debug|Win32
		{5F43A81C-7E48-4651-9714-66006C0A87B6}.Debug.Build.0 = Debug|Win32
		{5F43A81C-7E48-4651-9714-66006C0A87B6}.Release.ActiveCfg = Release|Win32
		{5F43A81C-7E48-4651-9714-66006C0A87B6}.Release.Build.0 = Release|Win32
		{15043383-4CC3-4AA9-A842-57335064D11D}.Debug.ActiveCfg = Debug|Win32
		{15043383-4CC3-4AA9-A842-57335064D11D}.Debug.Build.0 = Debug|Win32
		{15043383-4CC3-4AA9-A842-57335064D11D}.Release.ActiveCfg = Release|Win32
		{15043383-4CC3-4AA9-A842-57335064D11D}.Release.Build.0 = Release|Win32
		{9FCF1CAF-0189-4242-88BA-47706E741119}.Debug.ActiveCfg = Debug|Win32
		{9FCF1CAF-0189-4242-88BA-47706E741119}.Debug.Build.0 = Debug|Win32
		{9FCF1CAF-0189-4242-88BA-47706E741119}.Release.ActiveCfg = Release|Win32
		{9FCF1CAF-0189-4242-88BA-47706E741119}.Release.Build.0 = Release|Win32
		{FC588F88-FFC4-4EBD-A790-1B1FE06E1FC8}.Debug.ActiveCfg = Debug|Win32
		{FC588F88-FFC4-4EBD-A790-1B1FE06E1FC8}.Debug.Build.0 = Debug|Win32
		{FC588F88-FFC4-4EBD-A790-1B1FE06E1FC8}.Release.ActiveCfg = Release|Win32
		{FC588F88-FFC4-4EBD-A790-1B1FE06E1FC8}.Release.Build.0 = Release|Win32
		{EE29AF87-7317-488D-BF6D-EC422D1DBAD6}.Debug.ActiveCfg = Debug|Win32
		{EE29AF87-7317-488D-BF6D-EC422D1DBAD6}.Debug.Build.0 = Debug|Win32
		{EE29AF87-7317-488D-BF6D-EC422D1DBAD6}.Release.ActiveCfg = Release|Win32
		{EE29AF87-7317-488D-BF6D-EC422D1DBAD6}.Release.Build.0 = Release|Win32
		{8481DC94-5A2E-4FD2-B992-7385DD90140D}.Debug.ActiveCfg = Debug|Win32
		{8481DC94-5A2E-4FD2-B992-7385DD90140D}.Debug.Build.0 = Debug|Win32
		{8481DC94-5A2E-4FD2-B992-7385DD90140D}.Release.ActiveCfg = Release|Win32
		{8481DC94-5A2E-4FD2-B992-7385DD90140D}.Release.Build.0 = Release|Win32
		{508F0BFF-83FE-444C-9509-A359BCA83BC4}.Debug.ActiveCfg = Debug|Win32
		{508F0BFF-83FE-444C-9509-A359BCA83BC4}.Debug.Build.0 = Debug|Win32
		{508F0BFF-83FE-444C-9509-A359BCA83BC4}.Release.ActiveCfg = Release|Win32
		{508F0BFF-83FE-444C-9509-A359BCA83BC4}.Release.Build.0 = Release|Win32
		{B525311B-A6EF-43EB-82F2-8E1CAF778E57}.Debug.ActiveCfg = Debug|Win32
		{B525311B-A6EF-43EB-82F2-8E1CAF778E57}.Debug.Build.0 = Debug|Win32
		{B525311B-A6EF-43EB-82F2-8E1CAF778E57}.Release.ActiveCfg = Release|Win32
		{B525311B-A6EF-43EB-82F2-8E1CAF778E57}.Release.Build.0 = Release|Win32
		{EFF4967A-11F0-487E-B868-2DBCD61ED791}.Debug.ActiveCfg = Debug|Win32
		{EFF4967A-11F0-487E-B868-2DBCD61ED791}.Debug.Build.0 = Debug|Win32
		{EFF4967A-11F0-487E-B868-2DBCD61ED791}.Release.ActiveCfg = Release|Win32
		{EFF4967A-11F0-487E-B868-2DBCD61ED791}.Release.Build.0 = Release|Win32
		{AA95C4E6-C0A0-4848-A97B-EF9F934E589D}.Debug.ActiveCfg = Debug|Win32
		{AA95C4E6-C0A0-4848-A97B-EF9F934E589D}.Debug.Build.0 = Debug|Win32
		{AA95C4E6-C0A0-4848-A97B-EF9F934E589D}.Release.ActiveCfg = Release|Win32
		{AA95C4E6-C0A0-4848-A97B-EF9F934E589D}.Release.Build.0 = Release|Win32
		{4649A81E-E50F-47D3-BB0B-BB991081797B}.Debug.ActiveCfg = Debug|Win32
		{4649A81E-E50F-47D3-BB0B-BB991081797B}.Debug.Build.0 = Debug|Win32
		{4649A81E-E50F-47D3-BB0B-BB991081797B}.Release.ActiveCfg = Release|Win32
		{4649A81E-E50F-47D3-BB0B-BB991081797B}.Release.Build.0 = Release|Win32
		{EFEC5A2A-7301-45CE-A564-8DB42C619A8B}.Debug.ActiveCfg = Debug|Win32
		{EFEC5A2A-7301-45CE-A564-8DB42C619A8B}.Debug.Build.0 = Debug|Win32
		{EFEC5A2A-7301-45CE-A564-8DB42C619A8B}.Release.ActiveCfg = Release|Win32
		{EFEC5A2A-7301-45CE-A564-8DB42C619A8B}.Release.Build.0 = Release|Win32
	EndGlobalSection
	GlobalSection(ExtensibilityGlobals) = postSolution
	EndGlobalSection
	GlobalSection(ExtensibilityAddIns) = postSolution
	EndGlobalSection
EndGlobal
