Microsoft Visual Studio Solution File, Format Version 8.00
Project("{8BC9CEB8-8B4A-11D0-8D11-00A0C91BC942}") = "duarouter", "duarouter\duarouter.vcproj", "{FD608BAC-FB51-437F-8F17-DB40838DC715}"
	ProjectSection(ProjectDependencies) = postProject
		{1A7F1E19-498A-40F3-A21A-6B5759512296} = {1A7F1E19-498A-40F3-A21A-6B5759512296}
		{7235B92F-9C9E-411E-82D3-078D0FA9AC7F} = {7235B92F-9C9E-411E-82D3-078D0FA9AC7F}
		{10919646-3DA5-4B0D-946A-7C4003D04E8D} = {10919646-3DA5-4B0D-946A-7C4003D04E8D}
		{F17EAD86-9414-4C56-83CC-9BA298BF7465} = {F17EAD86-9414-4C56-83CC-9BA298BF7465}
		{E47A68C8-F085-4109-8D6E-8EE49D2A8C98} = {E47A68C8-F085-4109-8D6E-8EE49D2A8C98}
		{7B7EACD6-3C4F-44F3-9F9E-103C430AE1B6} = {7B7EACD6-3C4F-44F3-9F9E-103C430AE1B6}
		{AD34DEEA-BA5D-49CC-948E-18BA2068044D} = {AD34DEEA-BA5D-49CC-948E-18BA2068044D}
		{824150F3-1AF3-43C5-93BE-89A50DFEE684} = {824150F3-1AF3-43C5-93BE-89A50DFEE684}
		{B91F30F9-9C49-4FF1-AB97-DC91669721CE} = {B91F30F9-9C49-4FF1-AB97-DC91669721CE}
	EndProjectSection
EndProject
Project("{8BC9CEB8-8B4A-11D0-8D11-00A0C91BC942}") = "gui", "gui\gui.vcproj", "{9017FC4F-F62D-4359-BF15-98A3D1C0102A}"
	ProjectSection(ProjectDependencies) = postProject
		{1A7F1E19-498A-40F3-A21A-6B5759512296} = {1A7F1E19-498A-40F3-A21A-6B5759512296}
		{C6063225-74B0-4038-AA21-BF1EB37246BB} = {C6063225-74B0-4038-AA21-BF1EB37246BB}
		{F9D8E82F-5B21-418A-A346-85BB959B7287} = {F9D8E82F-5B21-418A-A346-85BB959B7287}
		{BFDF3B43-D4CD-4BBC-A5DE-18D21B1A3C66} = {BFDF3B43-D4CD-4BBC-A5DE-18D21B1A3C66}
		{35560345-6D79-4B8B-9A93-BA8D620CB0AA} = {35560345-6D79-4B8B-9A93-BA8D620CB0AA}
		{10919646-3DA5-4B0D-946A-7C4003D04E8D} = {10919646-3DA5-4B0D-946A-7C4003D04E8D}
		{F17EAD86-9414-4C56-83CC-9BA298BF7465} = {F17EAD86-9414-4C56-83CC-9BA298BF7465}
		{3399AA95-B519-4AD5-9026-6A452BB48665} = {3399AA95-B519-4AD5-9026-6A452BB48665}
		{B2CB1DA3-4F38-4556-BF8D-41B05A610F7E} = {B2CB1DA3-4F38-4556-BF8D-41B05A610F7E}
		{4D302EAC-5C91-4F79-A4ED-62C0991DE7D1} = {4D302EAC-5C91-4F79-A4ED-62C0991DE7D1}
		{C2C068AE-4B8C-40FE-AC4A-55C119E69FBA} = {C2C068AE-4B8C-40FE-AC4A-55C119E69FBA}
		{E47A68C8-F085-4109-8D6E-8EE49D2A8C98} = {E47A68C8-F085-4109-8D6E-8EE49D2A8C98}
		{CAA222D5-0A43-4593-8D38-FD712E0198F0} = {CAA222D5-0A43-4593-8D38-FD712E0198F0}
		{7B7EACD6-3C4F-44F3-9F9E-103C430AE1B6} = {7B7EACD6-3C4F-44F3-9F9E-103C430AE1B6}
		{C88D74D9-2F7E-430D-80DC-6F4A9B52C053} = {C88D74D9-2F7E-430D-80DC-6F4A9B52C053}
		{BF5D2FF3-1917-4D3F-84F8-CB50EEDDDFBC} = {BF5D2FF3-1917-4D3F-84F8-CB50EEDDDFBC}
		{824150F3-1AF3-43C5-93BE-89A50DFEE684} = {824150F3-1AF3-43C5-93BE-89A50DFEE684}
		{B91F30F9-9C49-4FF1-AB97-DC91669721CE} = {B91F30F9-9C49-4FF1-AB97-DC91669721CE}
	EndProjectSection
EndProject
Project("{8BC9CEB8-8B4A-11D0-8D11-00A0C91BC942}") = "jtrrouter", "jtrrouter\jtrrouter.vcproj", "{5C7961D9-C966-4436-A478-7A097448A5DC}"
	ProjectSection(ProjectDependencies) = postProject
		{1A7F1E19-498A-40F3-A21A-6B5759512296} = {1A7F1E19-498A-40F3-A21A-6B5759512296}
		{7235B92F-9C9E-411E-82D3-078D0FA9AC7F} = {7235B92F-9C9E-411E-82D3-078D0FA9AC7F}
		{10919646-3DA5-4B0D-946A-7C4003D04E8D} = {10919646-3DA5-4B0D-946A-7C4003D04E8D}
		{F17EAD86-9414-4C56-83CC-9BA298BF7465} = {F17EAD86-9414-4C56-83CC-9BA298BF7465}
		{E47A68C8-F085-4109-8D6E-8EE49D2A8C98} = {E47A68C8-F085-4109-8D6E-8EE49D2A8C98}
		{7B7EACD6-3C4F-44F3-9F9E-103C430AE1B6} = {7B7EACD6-3C4F-44F3-9F9E-103C430AE1B6}
		{AD34DEEA-BA5D-49CC-948E-18BA2068044D} = {AD34DEEA-BA5D-49CC-948E-18BA2068044D}
		{824150F3-1AF3-43C5-93BE-89A50DFEE684} = {824150F3-1AF3-43C5-93BE-89A50DFEE684}
		{B91F30F9-9C49-4FF1-AB97-DC91669721CE} = {B91F30F9-9C49-4FF1-AB97-DC91669721CE}
	EndProjectSection
EndProject
Project("{8BC9CEB8-8B4A-11D0-8D11-00A0C91BC942}") = "netconvert", "netconvert\netconvert.vcproj", "{2651626A-D4A5-4362-B14E-C2F6187507C5}"
	ProjectSection(ProjectDependencies) = postProject
		{1A7F1E19-498A-40F3-A21A-6B5759512296} = {1A7F1E19-498A-40F3-A21A-6B5759512296}
		{10919646-3DA5-4B0D-946A-7C4003D04E8D} = {10919646-3DA5-4B0D-946A-7C4003D04E8D}
		{7EC21450-F81E-4713-B4D5-7DBF3E780326} = {7EC21450-F81E-4713-B4D5-7DBF3E780326}
		{F17EAD86-9414-4C56-83CC-9BA298BF7465} = {F17EAD86-9414-4C56-83CC-9BA298BF7465}
		{44611CA2-70B4-40A1-A71B-E21DDAD7AC95} = {44611CA2-70B4-40A1-A71B-E21DDAD7AC95}
		{B2CB1DA3-4F38-4556-BF8D-41B05A610F7E} = {B2CB1DA3-4F38-4556-BF8D-41B05A610F7E}
		{26343BC7-FDB5-46FF-A9FB-15FCE8B5D1C6} = {26343BC7-FDB5-46FF-A9FB-15FCE8B5D1C6}
		{E47A68C8-F085-4109-8D6E-8EE49D2A8C98} = {E47A68C8-F085-4109-8D6E-8EE49D2A8C98}
		{7B7EACD6-3C4F-44F3-9F9E-103C430AE1B6} = {7B7EACD6-3C4F-44F3-9F9E-103C430AE1B6}
		{AD34DEEA-BA5D-49CC-948E-18BA2068044D} = {AD34DEEA-BA5D-49CC-948E-18BA2068044D}
		{824150F3-1AF3-43C5-93BE-89A50DFEE684} = {824150F3-1AF3-43C5-93BE-89A50DFEE684}
		{B91F30F9-9C49-4FF1-AB97-DC91669721CE} = {B91F30F9-9C49-4FF1-AB97-DC91669721CE}
	EndProjectSection
EndProject
Project("{8BC9CEB8-8B4A-11D0-8D11-00A0C91BC942}") = "netgen", "netgen\netgen.vcproj", "{ABBA4DF6-A3BE-41A9-92E8-44494239011B}"
	ProjectSection(ProjectDependencies) = postProject
		{88114E1B-C35A-4C34-AC9A-5867F7297350} = {88114E1B-C35A-4C34-AC9A-5867F7297350}
		{10919646-3DA5-4B0D-946A-7C4003D04E8D} = {10919646-3DA5-4B0D-946A-7C4003D04E8D}
		{7EC21450-F81E-4713-B4D5-7DBF3E780326} = {7EC21450-F81E-4713-B4D5-7DBF3E780326}
		{F17EAD86-9414-4C56-83CC-9BA298BF7465} = {F17EAD86-9414-4C56-83CC-9BA298BF7465}
		{B2CB1DA3-4F38-4556-BF8D-41B05A610F7E} = {B2CB1DA3-4F38-4556-BF8D-41B05A610F7E}
		{E47A68C8-F085-4109-8D6E-8EE49D2A8C98} = {E47A68C8-F085-4109-8D6E-8EE49D2A8C98}
		{7B7EACD6-3C4F-44F3-9F9E-103C430AE1B6} = {7B7EACD6-3C4F-44F3-9F9E-103C430AE1B6}
		{824150F3-1AF3-43C5-93BE-89A50DFEE684} = {824150F3-1AF3-43C5-93BE-89A50DFEE684}
	EndProjectSection
EndProject
Project("{8BC9CEB8-8B4A-11D0-8D11-00A0C91BC942}") = "od2trips", "od2trips\od2trips.vcproj", "{F6E8B5F6-D7FF-404E-980F-79259E69B778}"
	ProjectSection(ProjectDependencies) = postProject
		{F17EAD86-9414-4C56-83CC-9BA298BF7465} = {F17EAD86-9414-4C56-83CC-9BA298BF7465}
		{E47A68C8-F085-4109-8D6E-8EE49D2A8C98} = {E47A68C8-F085-4109-8D6E-8EE49D2A8C98}
		{7B7EACD6-3C4F-44F3-9F9E-103C430AE1B6} = {7B7EACD6-3C4F-44F3-9F9E-103C430AE1B6}
		{824150F3-1AF3-43C5-93BE-89A50DFEE684} = {824150F3-1AF3-43C5-93BE-89A50DFEE684}
		{B91F30F9-9C49-4FF1-AB97-DC91669721CE} = {B91F30F9-9C49-4FF1-AB97-DC91669721CE}
	EndProjectSection
EndProject
Project("{8BC9CEB8-8B4A-11D0-8D11-00A0C91BC942}") = "sumo", "sumo\sumo.vcproj", "{92C20D1A-FCFD-4829-B80D-CFD15A633F66}"
	ProjectSection(ProjectDependencies) = postProject
		{1A7F1E19-498A-40F3-A21A-6B5759512296} = {1A7F1E19-498A-40F3-A21A-6B5759512296}
		{F9D8E82F-5B21-418A-A346-85BB959B7287} = {F9D8E82F-5B21-418A-A346-85BB959B7287}
		{10919646-3DA5-4B0D-946A-7C4003D04E8D} = {10919646-3DA5-4B0D-946A-7C4003D04E8D}
		{F17EAD86-9414-4C56-83CC-9BA298BF7465} = {F17EAD86-9414-4C56-83CC-9BA298BF7465}
		{B2CB1DA3-4F38-4556-BF8D-41B05A610F7E} = {B2CB1DA3-4F38-4556-BF8D-41B05A610F7E}
		{4D302EAC-5C91-4F79-A4ED-62C0991DE7D1} = {4D302EAC-5C91-4F79-A4ED-62C0991DE7D1}
		{C2C068AE-4B8C-40FE-AC4A-55C119E69FBA} = {C2C068AE-4B8C-40FE-AC4A-55C119E69FBA}
		{E47A68C8-F085-4109-8D6E-8EE49D2A8C98} = {E47A68C8-F085-4109-8D6E-8EE49D2A8C98}
		{CAA222D5-0A43-4593-8D38-FD712E0198F0} = {CAA222D5-0A43-4593-8D38-FD712E0198F0}
		{7B7EACD6-3C4F-44F3-9F9E-103C430AE1B6} = {7B7EACD6-3C4F-44F3-9F9E-103C430AE1B6}
		{B91F30F9-9C49-4FF1-AB97-DC91669721CE} = {B91F30F9-9C49-4FF1-AB97-DC91669721CE}
	EndProjectSection
EndProject
Project("{8BC9CEB8-8B4A-11D0-8D11-00A0C91BC942}") = "y_libgui", "y_libgui\y_libgui.vcproj", "{BFDF3B43-D4CD-4BBC-A5DE-18D21B1A3C66}"
	ProjectSection(ProjectDependencies) = postProject
	EndProjectSection
EndProject
Project("{8BC9CEB8-8B4A-11D0-8D11-00A0C91BC942}") = "y_libguinetload", "y_libguinetload\y_libguinetload.vcproj", "{C6063225-74B0-4038-AA21-BF1EB37246BB}"
	ProjectSection(ProjectDependencies) = postProject
	EndProjectSection
EndProject
Project("{8BC9CEB8-8B4A-11D0-8D11-00A0C91BC942}") = "y_libguisim", "y_libguisim\y_libguisim.vcproj", "{3399AA95-B519-4AD5-9026-6A452BB48665}"
	ProjectSection(ProjectDependencies) = postProject
	EndProjectSection
EndProject
Project("{8BC9CEB8-8B4A-11D0-8D11-00A0C91BC942}") = "y_libmicrosim", "y_libmicrosim\y_libmicrosim.vcproj", "{C2C068AE-4B8C-40FE-AC4A-55C119E69FBA}"
	ProjectSection(ProjectDependencies) = postProject
	EndProjectSection
EndProject
Project("{8BC9CEB8-8B4A-11D0-8D11-00A0C91BC942}") = "y_libnetbuild", "y_libnetbuild\y_libnetbuild.vcproj", "{7EC21450-F81E-4713-B4D5-7DBF3E780326}"
	ProjectSection(ProjectDependencies) = postProject
	EndProjectSection
EndProject
Project("{8BC9CEB8-8B4A-11D0-8D11-00A0C91BC942}") = "y_libnetgen", "y_libnetgen\y_libnetgen.vcproj", "{88114E1B-C35A-4C34-AC9A-5867F7297350}"
	ProjectSection(ProjectDependencies) = postProject
	EndProjectSection
EndProject
Project("{8BC9CEB8-8B4A-11D0-8D11-00A0C91BC942}") = "y_libnetimport", "y_libnetimport\y_libnetimport.vcproj", "{44611CA2-70B4-40A1-A71B-E21DDAD7AC95}"
	ProjectSection(ProjectDependencies) = postProject
	EndProjectSection
EndProject
Project("{8BC9CEB8-8B4A-11D0-8D11-00A0C91BC942}") = "y_libnetload", "y_libnetload\y_libnetload.vcproj", "{CAA222D5-0A43-4593-8D38-FD712E0198F0}"
	ProjectSection(ProjectDependencies) = postProject
	EndProjectSection
EndProject
Project("{8BC9CEB8-8B4A-11D0-8D11-00A0C91BC942}") = "y_librouter", "y_librouter\y_librouter.vcproj", "{7235B92F-9C9E-411E-82D3-078D0FA9AC7F}"
	ProjectSection(ProjectDependencies) = postProject
	EndProjectSection
EndProject
Project("{8BC9CEB8-8B4A-11D0-8D11-00A0C91BC942}") = "z_libutils_common", "z_libutils_common\z_libutils_common.vcproj", "{E47A68C8-F085-4109-8D6E-8EE49D2A8C98}"
	ProjectSection(ProjectDependencies) = postProject
	EndProjectSection
EndProject
Project("{8BC9CEB8-8B4A-11D0-8D11-00A0C91BC942}") = "z_libutils_convert", "z_libutils_convert\z_libutils_convert.vcproj", "{1A7F1E19-498A-40F3-A21A-6B5759512296}"
	ProjectSection(ProjectDependencies) = postProject
	EndProjectSection
EndProject
Project("{8BC9CEB8-8B4A-11D0-8D11-00A0C91BC942}") = "z_libutils_dev", "z_libutils_dev\z_libutils_dev.vcproj", "{824150F3-1AF3-43C5-93BE-89A50DFEE684}"
	ProjectSection(ProjectDependencies) = postProject
	EndProjectSection
EndProject
Project("{8BC9CEB8-8B4A-11D0-8D11-00A0C91BC942}") = "z_libutils_distribution", "z_libutils_distribution\z_libutils_distribution.vcproj", "{26343BC7-FDB5-46FF-A9FB-15FCE8B5D1C6}"
	ProjectSection(ProjectDependencies) = postProject
	EndProjectSection
EndProject
Project("{8BC9CEB8-8B4A-11D0-8D11-00A0C91BC942}") = "z_libutils_fonts", "z_libutils_fonts\z_libutils_fonts.vcproj", "{C88D74D9-2F7E-430D-80DC-6F4A9B52C053}"
	ProjectSection(ProjectDependencies) = postProject
	EndProjectSection
EndProject
Project("{8BC9CEB8-8B4A-11D0-8D11-00A0C91BC942}") = "z_libutils_geom", "z_libutils_geom\z_libutils_geom.vcproj", "{B2CB1DA3-4F38-4556-BF8D-41B05A610F7E}"
	ProjectSection(ProjectDependencies) = postProject
	EndProjectSection
EndProject
Project("{8BC9CEB8-8B4A-11D0-8D11-00A0C91BC942}") = "z_libutils_gfx", "z_libutils_gfx\z_libutils_gfx.vcproj", "{10919646-3DA5-4B0D-946A-7C4003D04E8D}"
	ProjectSection(ProjectDependencies) = postProject
	EndProjectSection
EndProject
Project("{8BC9CEB8-8B4A-11D0-8D11-00A0C91BC942}") = "z_libutils_glutils", "z_libutils_glutils\z_libutils_glutils.vcproj", "{BF5D2FF3-1917-4D3F-84F8-CB50EEDDDFBC}"
	ProjectSection(ProjectDependencies) = postProject
	EndProjectSection
EndProject
Project("{8BC9CEB8-8B4A-11D0-8D11-00A0C91BC942}") = "z_libutils_importio", "z_libutils_importio\z_libutils_importio.vcproj", "{AD34DEEA-BA5D-49CC-948E-18BA2068044D}"
	ProjectSection(ProjectDependencies) = postProject
	EndProjectSection
EndProject
Project("{8BC9CEB8-8B4A-11D0-8D11-00A0C91BC942}") = "z_libutils_options", "z_libutils_options\z_libutils_options.vcproj", "{7B7EACD6-3C4F-44F3-9F9E-103C430AE1B6}"
	ProjectSection(ProjectDependencies) = postProject
	EndProjectSection
EndProject
Project("{8BC9CEB8-8B4A-11D0-8D11-00A0C91BC942}") = "z_libutils_sumoxml", "z_libutils_sumoxml\z_libutils_sumoxml.vcproj", "{B91F30F9-9C49-4FF1-AB97-DC91669721CE}"
	ProjectSection(ProjectDependencies) = postProject
	EndProjectSection
EndProject
Project("{8BC9CEB8-8B4A-11D0-8D11-00A0C91BC942}") = "z_libutils_xml", "z_libutils_xml\z_libutils_xml.vcproj", "{F17EAD86-9414-4C56-83CC-9BA298BF7465}"
	ProjectSection(ProjectDependencies) = postProject
	EndProjectSection
EndProject
Project("{8BC9CEB8-8B4A-11D0-8D11-00A0C91BC942}") = "z_libutils_foxtools", "zlibutils_foxtools\zlibutils_foxtools.vcproj", "{35560345-6D79-4B8B-9A93-BA8D620CB0AA}"
	ProjectSection(ProjectDependencies) = postProject
	EndProjectSection
EndProject
Project("{8BC9CEB8-8B4A-11D0-8D11-00A0C91BC942}") = "z_libutils_iodevices", "z_libutils_iodevices\z_libutils_iodevices.vcproj", "{4D302EAC-5C91-4F79-A4ED-62C0991DE7D1}"
	ProjectSection(ProjectDependencies) = postProject
	EndProjectSection
EndProject
Project("{8BC9CEB8-8B4A-11D0-8D11-00A0C91BC942}") = "z_libmicrosim_output", "z_libmicrosim_output\z_libmicrosim_output.vcproj", "{F9D8E82F-5B21-418A-A346-85BB959B7287}"
	ProjectSection(ProjectDependencies) = postProject
	EndProjectSection
EndProject
Global
	GlobalSection(SolutionConfiguration) = preSolution
		Debug = Debug
		Release = Release
	EndGlobalSection
	GlobalSection(ProjectConfiguration) = postSolution
		{FD608BAC-FB51-437F-8F17-DB40838DC715}.Debug.ActiveCfg = Debug|Win32
		{FD608BAC-FB51-437F-8F17-DB40838DC715}.Debug.Build.0 = Debug|Win32
		{FD608BAC-FB51-437F-8F17-DB40838DC715}.Release.ActiveCfg = Release|Win32
		{FD608BAC-FB51-437F-8F17-DB40838DC715}.Release.Build.0 = Release|Win32
		{9017FC4F-F62D-4359-BF15-98A3D1C0102A}.Debug.ActiveCfg = Debug|Win32
		{9017FC4F-F62D-4359-BF15-98A3D1C0102A}.Debug.Build.0 = Debug|Win32
		{9017FC4F-F62D-4359-BF15-98A3D1C0102A}.Release.ActiveCfg = Release|Win32
		{9017FC4F-F62D-4359-BF15-98A3D1C0102A}.Release.Build.0 = Release|Win32
		{5C7961D9-C966-4436-A478-7A097448A5DC}.Debug.ActiveCfg = Debug|Win32
		{5C7961D9-C966-4436-A478-7A097448A5DC}.Debug.Build.0 = Debug|Win32
		{5C7961D9-C966-4436-A478-7A097448A5DC}.Release.ActiveCfg = Release|Win32
		{5C7961D9-C966-4436-A478-7A097448A5DC}.Release.Build.0 = Release|Win32
		{2651626A-D4A5-4362-B14E-C2F6187507C5}.Debug.ActiveCfg = Debug|Win32
		{2651626A-D4A5-4362-B14E-C2F6187507C5}.Debug.Build.0 = Debug|Win32
		{2651626A-D4A5-4362-B14E-C2F6187507C5}.Release.ActiveCfg = Release|Win32
		{2651626A-D4A5-4362-B14E-C2F6187507C5}.Release.Build.0 = Release|Win32
		{ABBA4DF6-A3BE-41A9-92E8-44494239011B}.Debug.ActiveCfg = Debug|Win32
		{ABBA4DF6-A3BE-41A9-92E8-44494239011B}.Debug.Build.0 = Debug|Win32
		{ABBA4DF6-A3BE-41A9-92E8-44494239011B}.Release.ActiveCfg = Release|Win32
		{ABBA4DF6-A3BE-41A9-92E8-44494239011B}.Release.Build.0 = Release|Win32
		{F6E8B5F6-D7FF-404E-980F-79259E69B778}.Debug.ActiveCfg = Debug|Win32
		{F6E8B5F6-D7FF-404E-980F-79259E69B778}.Debug.Build.0 = Debug|Win32
		{F6E8B5F6-D7FF-404E-980F-79259E69B778}.Release.ActiveCfg = Release|Win32
		{F6E8B5F6-D7FF-404E-980F-79259E69B778}.Release.Build.0 = Release|Win32
		{92C20D1A-FCFD-4829-B80D-CFD15A633F66}.Debug.ActiveCfg = Debug|Win32
		{92C20D1A-FCFD-4829-B80D-CFD15A633F66}.Debug.Build.0 = Debug|Win32
		{92C20D1A-FCFD-4829-B80D-CFD15A633F66}.Release.ActiveCfg = Release|Win32
		{92C20D1A-FCFD-4829-B80D-CFD15A633F66}.Release.Build.0 = Release|Win32
		{BFDF3B43-D4CD-4BBC-A5DE-18D21B1A3C66}.Debug.ActiveCfg = Debug|Win32
		{BFDF3B43-D4CD-4BBC-A5DE-18D21B1A3C66}.Debug.Build.0 = Debug|Win32
		{BFDF3B43-D4CD-4BBC-A5DE-18D21B1A3C66}.Release.ActiveCfg = Release|Win32
		{BFDF3B43-D4CD-4BBC-A5DE-18D21B1A3C66}.Release.Build.0 = Release|Win32
		{C6063225-74B0-4038-AA21-BF1EB37246BB}.Debug.ActiveCfg = Debug|Win32
		{C6063225-74B0-4038-AA21-BF1EB37246BB}.Debug.Build.0 = Debug|Win32
		{C6063225-74B0-4038-AA21-BF1EB37246BB}.Release.ActiveCfg = Release|Win32
		{C6063225-74B0-4038-AA21-BF1EB37246BB}.Release.Build.0 = Release|Win32
		{3399AA95-B519-4AD5-9026-6A452BB48665}.Debug.ActiveCfg = Debug|Win32
		{3399AA95-B519-4AD5-9026-6A452BB48665}.Debug.Build.0 = Debug|Win32
		{3399AA95-B519-4AD5-9026-6A452BB48665}.Release.ActiveCfg = Release|Win32
		{3399AA95-B519-4AD5-9026-6A452BB48665}.Release.Build.0 = Release|Win32
		{C2C068AE-4B8C-40FE-AC4A-55C119E69FBA}.Debug.ActiveCfg = Debug|Win32
		{C2C068AE-4B8C-40FE-AC4A-55C119E69FBA}.Debug.Build.0 = Debug|Win32
		{C2C068AE-4B8C-40FE-AC4A-55C119E69FBA}.Release.ActiveCfg = Release|Win32
		{C2C068AE-4B8C-40FE-AC4A-55C119E69FBA}.Release.Build.0 = Release|Win32
		{7EC21450-F81E-4713-B4D5-7DBF3E780326}.Debug.ActiveCfg = Debug|Win32
		{7EC21450-F81E-4713-B4D5-7DBF3E780326}.Debug.Build.0 = Debug|Win32
		{7EC21450-F81E-4713-B4D5-7DBF3E780326}.Release.ActiveCfg = Release|Win32
		{7EC21450-F81E-4713-B4D5-7DBF3E780326}.Release.Build.0 = Release|Win32
		{88114E1B-C35A-4C34-AC9A-5867F7297350}.Debug.ActiveCfg = Debug|Win32
		{88114E1B-C35A-4C34-AC9A-5867F7297350}.Debug.Build.0 = Debug|Win32
		{88114E1B-C35A-4C34-AC9A-5867F7297350}.Release.ActiveCfg = Release|Win32
		{88114E1B-C35A-4C34-AC9A-5867F7297350}.Release.Build.0 = Release|Win32
		{44611CA2-70B4-40A1-A71B-E21DDAD7AC95}.Debug.ActiveCfg = Debug|Win32
		{44611CA2-70B4-40A1-A71B-E21DDAD7AC95}.Debug.Build.0 = Debug|Win32
		{44611CA2-70B4-40A1-A71B-E21DDAD7AC95}.Release.ActiveCfg = Release|Win32
		{44611CA2-70B4-40A1-A71B-E21DDAD7AC95}.Release.Build.0 = Release|Win32
		{CAA222D5-0A43-4593-8D38-FD712E0198F0}.Debug.ActiveCfg = Debug|Win32
		{CAA222D5-0A43-4593-8D38-FD712E0198F0}.Debug.Build.0 = Debug|Win32
		{CAA222D5-0A43-4593-8D38-FD712E0198F0}.Release.ActiveCfg = Release|Win32
		{CAA222D5-0A43-4593-8D38-FD712E0198F0}.Release.Build.0 = Release|Win32
		{7235B92F-9C9E-411E-82D3-078D0FA9AC7F}.Debug.ActiveCfg = Debug|Win32
		{7235B92F-9C9E-411E-82D3-078D0FA9AC7F}.Debug.Build.0 = Debug|Win32
		{7235B92F-9C9E-411E-82D3-078D0FA9AC7F}.Release.ActiveCfg = Release|Win32
		{7235B92F-9C9E-411E-82D3-078D0FA9AC7F}.Release.Build.0 = Release|Win32
		{E47A68C8-F085-4109-8D6E-8EE49D2A8C98}.Debug.ActiveCfg = Debug|Win32
		{E47A68C8-F085-4109-8D6E-8EE49D2A8C98}.Debug.Build.0 = Debug|Win32
		{E47A68C8-F085-4109-8D6E-8EE49D2A8C98}.Release.ActiveCfg = Release|Win32
		{E47A68C8-F085-4109-8D6E-8EE49D2A8C98}.Release.Build.0 = Release|Win32
		{1A7F1E19-498A-40F3-A21A-6B5759512296}.Debug.ActiveCfg = Debug|Win32
		{1A7F1E19-498A-40F3-A21A-6B5759512296}.Debug.Build.0 = Debug|Win32
		{1A7F1E19-498A-40F3-A21A-6B5759512296}.Release.ActiveCfg = Release|Win32
		{1A7F1E19-498A-40F3-A21A-6B5759512296}.Release.Build.0 = Release|Win32
		{824150F3-1AF3-43C5-93BE-89A50DFEE684}.Debug.ActiveCfg = Debug|Win32
		{824150F3-1AF3-43C5-93BE-89A50DFEE684}.Debug.Build.0 = Debug|Win32
		{824150F3-1AF3-43C5-93BE-89A50DFEE684}.Release.ActiveCfg = Release|Win32
		{824150F3-1AF3-43C5-93BE-89A50DFEE684}.Release.Build.0 = Release|Win32
		{26343BC7-FDB5-46FF-A9FB-15FCE8B5D1C6}.Debug.ActiveCfg = Debug|Win32
		{26343BC7-FDB5-46FF-A9FB-15FCE8B5D1C6}.Debug.Build.0 = Debug|Win32
		{26343BC7-FDB5-46FF-A9FB-15FCE8B5D1C6}.Release.ActiveCfg = Release|Win32
		{26343BC7-FDB5-46FF-A9FB-15FCE8B5D1C6}.Release.Build.0 = Release|Win32
		{C88D74D9-2F7E-430D-80DC-6F4A9B52C053}.Debug.ActiveCfg = Debug|Win32
		{C88D74D9-2F7E-430D-80DC-6F4A9B52C053}.Debug.Build.0 = Debug|Win32
		{C88D74D9-2F7E-430D-80DC-6F4A9B52C053}.Release.ActiveCfg = Release|Win32
		{C88D74D9-2F7E-430D-80DC-6F4A9B52C053}.Release.Build.0 = Release|Win32
		{B2CB1DA3-4F38-4556-BF8D-41B05A610F7E}.Debug.ActiveCfg = Debug|Win32
		{B2CB1DA3-4F38-4556-BF8D-41B05A610F7E}.Debug.Build.0 = Debug|Win32
		{B2CB1DA3-4F38-4556-BF8D-41B05A610F7E}.Release.ActiveCfg = Release|Win32
		{B2CB1DA3-4F38-4556-BF8D-41B05A610F7E}.Release.Build.0 = Release|Win32
		{10919646-3DA5-4B0D-946A-7C4003D04E8D}.Debug.ActiveCfg = Debug|Win32
		{10919646-3DA5-4B0D-946A-7C4003D04E8D}.Debug.Build.0 = Debug|Win32
		{10919646-3DA5-4B0D-946A-7C4003D04E8D}.Release.ActiveCfg = Release|Win32
		{10919646-3DA5-4B0D-946A-7C4003D04E8D}.Release.Build.0 = Release|Win32
		{BF5D2FF3-1917-4D3F-84F8-CB50EEDDDFBC}.Debug.ActiveCfg = Debug|Win32
		{BF5D2FF3-1917-4D3F-84F8-CB50EEDDDFBC}.Debug.Build.0 = Debug|Win32
		{BF5D2FF3-1917-4D3F-84F8-CB50EEDDDFBC}.Release.ActiveCfg = Release|Win32
		{BF5D2FF3-1917-4D3F-84F8-CB50EEDDDFBC}.Release.Build.0 = Release|Win32
		{AD34DEEA-BA5D-49CC-948E-18BA2068044D}.Debug.ActiveCfg = Debug|Win32
		{AD34DEEA-BA5D-49CC-948E-18BA2068044D}.Debug.Build.0 = Debug|Win32
		{AD34DEEA-BA5D-49CC-948E-18BA2068044D}.Release.ActiveCfg = Release|Win32
		{AD34DEEA-BA5D-49CC-948E-18BA2068044D}.Release.Build.0 = Release|Win32
		{7B7EACD6-3C4F-44F3-9F9E-103C430AE1B6}.Debug.ActiveCfg = Debug|Win32
		{7B7EACD6-3C4F-44F3-9F9E-103C430AE1B6}.Debug.Build.0 = Debug|Win32
		{7B7EACD6-3C4F-44F3-9F9E-103C430AE1B6}.Release.ActiveCfg = Release|Win32
		{7B7EACD6-3C4F-44F3-9F9E-103C430AE1B6}.Release.Build.0 = Release|Win32
		{B91F30F9-9C49-4FF1-AB97-DC91669721CE}.Debug.ActiveCfg = Debug|Win32
		{B91F30F9-9C49-4FF1-AB97-DC91669721CE}.Debug.Build.0 = Debug|Win32
		{B91F30F9-9C49-4FF1-AB97-DC91669721CE}.Release.ActiveCfg = Release|Win32
		{B91F30F9-9C49-4FF1-AB97-DC91669721CE}.Release.Build.0 = Release|Win32
		{F17EAD86-9414-4C56-83CC-9BA298BF7465}.Debug.ActiveCfg = Debug|Win32
		{F17EAD86-9414-4C56-83CC-9BA298BF7465}.Debug.Build.0 = Debug|Win32
		{F17EAD86-9414-4C56-83CC-9BA298BF7465}.Release.ActiveCfg = Release|Win32
		{F17EAD86-9414-4C56-83CC-9BA298BF7465}.Release.Build.0 = Release|Win32
		{35560345-6D79-4B8B-9A93-BA8D620CB0AA}.Debug.ActiveCfg = Debug|Win32
		{35560345-6D79-4B8B-9A93-BA8D620CB0AA}.Debug.Build.0 = Debug|Win32
		{35560345-6D79-4B8B-9A93-BA8D620CB0AA}.Release.ActiveCfg = Release|Win32
		{35560345-6D79-4B8B-9A93-BA8D620CB0AA}.Release.Build.0 = Release|Win32
		{4D302EAC-5C91-4F79-A4ED-62C0991DE7D1}.Debug.ActiveCfg = Debug|Win32
		{4D302EAC-5C91-4F79-A4ED-62C0991DE7D1}.Debug.Build.0 = Debug|Win32
		{4D302EAC-5C91-4F79-A4ED-62C0991DE7D1}.Release.ActiveCfg = Release|Win32
		{4D302EAC-5C91-4F79-A4ED-62C0991DE7D1}.Release.Build.0 = Release|Win32
		{F9D8E82F-5B21-418A-A346-85BB959B7287}.Debug.ActiveCfg = Debug|Win32
		{F9D8E82F-5B21-418A-A346-85BB959B7287}.Debug.Build.0 = Debug|Win32
		{F9D8E82F-5B21-418A-A346-85BB959B7287}.Release.ActiveCfg = Release|Win32
		{F9D8E82F-5B21-418A-A346-85BB959B7287}.Release.Build.0 = Release|Win32
	EndGlobalSection
	GlobalSection(ExtensibilityGlobals) = postSolution
	EndGlobalSection
	GlobalSection(ExtensibilityAddIns) = postSolution
	EndGlobalSection
EndGlobal
