
Microsoft Visual Studio Solution File, Format Version 12.00
# Visual Studio Version 17
VisualStudioVersion = 17.5.33516.290
MinimumVisualStudioVersion = 10.0.40219.1
Project("{888888A0-9F3D-457C-B088-3A5042F75D52}") = "tools", "tools.pyproj", "{517677E6-7919-4B34-B10A-F79AB10D67C8}"
EndProject
Global
	GlobalSection(SolutionConfigurationPlatforms) = preSolution
		Debug|Any CPU = Debug|Any CPU
		Release|Any CPU = Release|Any CPU
	EndGlobalSection
	GlobalSection(ProjectConfigurationPlatforms) = postSolution
		{517677E6-7919-4B34-B10A-F79AB10D67C8}.Debug|Any CPU.ActiveCfg = Debug|Any CPU
		{517677E6-7919-4B34-B10A-F79AB10D67C8}.Release|Any CPU.ActiveCfg = Release|Any CPU
	EndGlobalSection
	GlobalSection(SolutionProperties) = preSolution
		HideSolutionNode = FALSE
	EndGlobalSection
	GlobalSection(ExtensibilityGlobals) = postSolution
		SolutionGuid = {DD0C4DF1-3BFA-4008-B27B-DB815E0A3D0E}
	EndGlobalSection
EndGlobal
